
Microsoft Visual Studio Solution File, Format Version 12.00
# Visual Studio Version 16
VisualStudioVersion = 16.0.30611.23
MinimumVisualStudioVersion = 10.0.40219.1
Project("{FAE04EC0-301F-11D3-BF4B-00C04F79EFBC}") = "McProp", "McProp\McProp.csproj", "{B7DA0C7B-14B1-4492-902E-B67860F946C9}"
EndProject
Global
	GlobalSection(SolutionConfigurationPlatforms) = preSolution
		Debug|Any CPU = Debug|Any CPU
		Release|Any CPU = Release|Any CPU
	EndGlobalSection
	GlobalSection(ProjectConfigurationPlatforms) = postSolution
		{B7DA0C7B-14B1-4492-902E-B67860F946C9}.Debug|Any CPU.ActiveCfg = Debug|Any CPU
		{B7DA0C7B-14B1-4492-902E-B67860F946C9}.Debug|Any CPU.Build.0 = Debug|Any CPU
		{B7DA0C7B-14B1-4492-902E-B67860F946C9}.Release|Any CPU.ActiveCfg = Release|Any CPU
		{B7DA0C7B-14B1-4492-902E-B67860F946C9}.Release|Any CPU.Build.0 = Release|Any CPU
	EndGlobalSection
	GlobalSection(SolutionProperties) = preSolution
		HideSolutionNode = FALSE
	EndGlobalSection
	GlobalSection(ExtensibilityGlobals) = postSolution
		SolutionGuid = {DC9C76C4-EFC4-4B96-A129-027B2C192FF3}
	EndGlobalSection
EndGlobal
